
Microsoft Visual Studio Solution File, Format Version 12.00
Project("{FAE04EC0-301F-11D3-BF4B-00C04F79EFBC}") = "BPEDI.API", "BPEDI.API\BPEDI.API.csproj", "{1567F19C-62D5-4569-AC9F-F6CAD4C76FB6}"
EndProject
Project("{FAE04EC0-301F-11D3-BF4B-00C04F79EFBC}") = "BPEDI.Domain", "BPEDI.Domain\BPEDI.Domain.csproj", "{526E2D1D-9E5B-4812-AE54-29DA3505804D}"
EndProject
Project("{FAE04EC0-301F-11D3-BF4B-00C04F79EFBC}") = "BPEDI.Application", "BPEDI.Application\BPEDI.Application.csproj", "{3D3EADFF-1950-42A7-A36F-ABFB4A4B5A31}"
EndProject
Project("{2150E333-8FDC-42A3-9474-1A3956D46DE8}") = "src", "src", "{A1C88C0F-02CB-4AA6-923D-667179CDC7C0}"
EndProject
Project("{2150E333-8FDC-42A3-9474-1A3956D46DE8}") = "Core", "Core", "{FCBC6754-C208-478D-B764-7F7DF8548B15}"
EndProject
Project("{2150E333-8FDC-42A3-9474-1A3956D46DE8}") = "Presentation", "Presentation", "{EEF71403-49FB-48FD-8479-9B4B97E0FDE6}"
EndProject
Project("{2150E333-8FDC-42A3-9474-1A3956D46DE8}") = "Infrastructure", "Infrastructure", "{105B2DAB-7983-462B-9A52-0E366CDBE157}"
EndProject
Project("{FAE04EC0-301F-11D3-BF4B-00C04F79EFBC}") = "BPEDI.Infra.Data", "src\Infrastructure\BPEDI.Infra.Data\BPEDI.Infra.Data.csproj", "{46D0B780-A5DF-4FA9-A6DF-0D19A99B825A}"
EndProject
Project("{FAE04EC0-301F-11D3-BF4B-00C04F79EFBC}") = "BPEDI.Infra.Ioc", "src\Infrastructure\BPEDI.Infra.Ioc\BPEDI.Infra.Ioc.csproj", "{B9FC0713-1C95-40F5-81C8-7FB4790B54D6}"
EndProject
Project("{FAE04EC0-301F-11D3-BF4B-00C04F79EFBC}") = "BPEDI.Infra.Bus", "src\Infrastructure\BPEDI.Infra.Bus\BPEDI.Infra.Bus.csproj", "{BD660471-D1B5-4095-AF7E-904AD01ACB9C}"
EndProject
Global
	GlobalSection(SolutionConfigurationPlatforms) = preSolution
		Debug|Any CPU = Debug|Any CPU
		Release|Any CPU = Release|Any CPU
	EndGlobalSection
	GlobalSection(ProjectConfigurationPlatforms) = postSolution
		{1567F19C-62D5-4569-AC9F-F6CAD4C76FB6}.Debug|Any CPU.ActiveCfg = Debug|Any CPU
		{1567F19C-62D5-4569-AC9F-F6CAD4C76FB6}.Debug|Any CPU.Build.0 = Debug|Any CPU
		{1567F19C-62D5-4569-AC9F-F6CAD4C76FB6}.Release|Any CPU.ActiveCfg = Release|Any CPU
		{1567F19C-62D5-4569-AC9F-F6CAD4C76FB6}.Release|Any CPU.Build.0 = Release|Any CPU
		{526E2D1D-9E5B-4812-AE54-29DA3505804D}.Debug|Any CPU.ActiveCfg = Debug|Any CPU
		{526E2D1D-9E5B-4812-AE54-29DA3505804D}.Debug|Any CPU.Build.0 = Debug|Any CPU
		{526E2D1D-9E5B-4812-AE54-29DA3505804D}.Release|Any CPU.ActiveCfg = Release|Any CPU
		{526E2D1D-9E5B-4812-AE54-29DA3505804D}.Release|Any CPU.Build.0 = Release|Any CPU
		{3D3EADFF-1950-42A7-A36F-ABFB4A4B5A31}.Debug|Any CPU.ActiveCfg = Debug|Any CPU
		{3D3EADFF-1950-42A7-A36F-ABFB4A4B5A31}.Debug|Any CPU.Build.0 = Debug|Any CPU
		{3D3EADFF-1950-42A7-A36F-ABFB4A4B5A31}.Release|Any CPU.ActiveCfg = Release|Any CPU
		{3D3EADFF-1950-42A7-A36F-ABFB4A4B5A31}.Release|Any CPU.Build.0 = Release|Any CPU
		{46D0B780-A5DF-4FA9-A6DF-0D19A99B825A}.Debug|Any CPU.ActiveCfg = Debug|Any CPU
		{46D0B780-A5DF-4FA9-A6DF-0D19A99B825A}.Debug|Any CPU.Build.0 = Debug|Any CPU
		{46D0B780-A5DF-4FA9-A6DF-0D19A99B825A}.Release|Any CPU.ActiveCfg = Release|Any CPU
		{46D0B780-A5DF-4FA9-A6DF-0D19A99B825A}.Release|Any CPU.Build.0 = Release|Any CPU
		{B9FC0713-1C95-40F5-81C8-7FB4790B54D6}.Debug|Any CPU.ActiveCfg = Debug|Any CPU
		{B9FC0713-1C95-40F5-81C8-7FB4790B54D6}.Debug|Any CPU.Build.0 = Debug|Any CPU
		{B9FC0713-1C95-40F5-81C8-7FB4790B54D6}.Release|Any CPU.ActiveCfg = Release|Any CPU
		{B9FC0713-1C95-40F5-81C8-7FB4790B54D6}.Release|Any CPU.Build.0 = Release|Any CPU
		{BD660471-D1B5-4095-AF7E-904AD01ACB9C}.Debug|Any CPU.ActiveCfg = Debug|Any CPU
		{BD660471-D1B5-4095-AF7E-904AD01ACB9C}.Debug|Any CPU.Build.0 = Debug|Any CPU
		{BD660471-D1B5-4095-AF7E-904AD01ACB9C}.Release|Any CPU.ActiveCfg = Release|Any CPU
		{BD660471-D1B5-4095-AF7E-904AD01ACB9C}.Release|Any CPU.Build.0 = Release|Any CPU
	EndGlobalSection
	GlobalSection(NestedProjects) = preSolution
		{FCBC6754-C208-478D-B764-7F7DF8548B15} = {A1C88C0F-02CB-4AA6-923D-667179CDC7C0}
		{EEF71403-49FB-48FD-8479-9B4B97E0FDE6} = {A1C88C0F-02CB-4AA6-923D-667179CDC7C0}
		{105B2DAB-7983-462B-9A52-0E366CDBE157} = {A1C88C0F-02CB-4AA6-923D-667179CDC7C0}
		{46D0B780-A5DF-4FA9-A6DF-0D19A99B825A} = {105B2DAB-7983-462B-9A52-0E366CDBE157}
		{B9FC0713-1C95-40F5-81C8-7FB4790B54D6} = {105B2DAB-7983-462B-9A52-0E366CDBE157}
		{BD660471-D1B5-4095-AF7E-904AD01ACB9C} = {105B2DAB-7983-462B-9A52-0E366CDBE157}
		{3D3EADFF-1950-42A7-A36F-ABFB4A4B5A31} = {FCBC6754-C208-478D-B764-7F7DF8548B15}
		{526E2D1D-9E5B-4812-AE54-29DA3505804D} = {FCBC6754-C208-478D-B764-7F7DF8548B15}
		{1567F19C-62D5-4569-AC9F-F6CAD4C76FB6} = {EEF71403-49FB-48FD-8479-9B4B97E0FDE6}
	EndGlobalSection
EndGlobal
