
Microsoft Visual Studio Solution File, Format Version 12.00
Project("{FAE04EC0-301F-11D3-BF4B-00C04F79EFBC}") = "CQRSExample.API", "CQRSExample.API\CQRSExample.API.csproj", "{3E40207C-A138-45A0-8234-71A83FAC4649}"
EndProject
Global
	GlobalSection(SolutionConfigurationPlatforms) = preSolution
		Debug|Any CPU = Debug|Any CPU
		Release|Any CPU = Release|Any CPU
	EndGlobalSection
	GlobalSection(ProjectConfigurationPlatforms) = postSolution
		{3E40207C-A138-45A0-8234-71A83FAC4649}.Debug|Any CPU.ActiveCfg = Debug|Any CPU
		{3E40207C-A138-45A0-8234-71A83FAC4649}.Debug|Any CPU.Build.0 = Debug|Any CPU
		{3E40207C-A138-45A0-8234-71A83FAC4649}.Release|Any CPU.ActiveCfg = Release|Any CPU
		{3E40207C-A138-45A0-8234-71A83FAC4649}.Release|Any CPU.Build.0 = Release|Any CPU
	EndGlobalSection
EndGlobal
